{
  "nodes": {
    "agenix": {
      "inputs": {
        "darwin": "darwin",
        "home-manager": "home-manager_2",
        "nixpkgs": [
          "ragenix",
          "nixpkgs"
        ],
        "systems": "systems_4"
      },
      "locked": {
        "lastModified": 1761656077,
        "narHash": "sha256-lsNWuj4Z+pE7s0bd2OKicOFq9bK86JE0ZGeKJbNqb94=",
        "owner": "ryantm",
        "repo": "agenix",
        "rev": "9ba0d85de3eaa7afeab493fed622008b6e4924f5",
        "type": "github"
      },
      "original": {
        "owner": "ryantm",
        "repo": "agenix",
        "type": "github"
      }
    },
    "aquamarine": {
      "inputs": {
        "hyprutils": [
          "hyprland",
          "hyprutils"
        ],
        "hyprwayland-scanner": [
          "hyprland",
          "hyprwayland-scanner"
        ],
        "nixpkgs": [
          "hyprland",
          "nixpkgs"
        ],
        "systems": [
          "hyprland",
          "systems"
        ]
      },
      "locked": {
        "lastModified": 1789630322,
        "narHash": "sha256-jiUl3+k9K+BASO4hvKFhlCMUpHPPoy2q5uZMl3pzOF0=",
        "owner": "hyprwm",
        "repo": "aquamarine",
        "rev": "f31c47a1b9d300847d8fc3108ad959448103dfc1",
        "type": "github"
      },
      "original": {
        "owner": "hyprwm",
        "repo": "aquamarine",
        "type": "github"
      }
    },
    "blueprint": {
      "inputs": {
        "nixpkgs": [
          "nixpkgs"
        ],
        "systems": "systems"
      },
      "locked": {
        "lastModified": 1788342924,
        "narHash": "sha256-Sfyygt2dL88+160d014gaXMlWTGIL2HGxlIzLGsGPvE=",
        "owner": "numtide",
        "repo": "blueprint",
        "rev": "8be75245e274a789b87cc4df542abbcd8c5e7f93",
        "type": "github"
      },
      "original": {
        "owner": "numtide",
        "repo": "blueprint",
        "type": "github"
      }
    },
    "crane": {
      "locked": {
        "lastModified": 1760924934,
        "narHash": "sha256-tuuqY5aU7cUkR71sO2TraVKK2boYrdW3gCSXUkF4i44=",
        "owner": "ipetkov",
        "repo": "crane",
        "rev": "c6b4d5308293d0d04fcfeee92705017537cad02f",
        "type": "github"
      },
      "original": {
        "owner": "ipetkov",
        "repo": "crane",
        "type": "github"
      }
    },
    "dank-greeter": {
      "inputs": {
        "dank-qml-common": "dank-qml-common",
        "nixpkgs": [
          "nixpkgs"
        ]
      },
      "locked": {
        "lastModified": 1790524135,
        "narHash": "sha256-OG9Q97j89YlvTRgGFJ7QnlebV69013e1OI4VWfwyZiQ=",
        "owner": "AvengeMedia",
        "repo": "dank-greeter",
        "rev": "334b2c93d444b65e4fad5b16f3409bcdc013e40f",
        "type": "github"
      },
      "original": {
        "owner": "AvengeMedia",
        "repo": "dank-greeter",
        "type": "github"
      }
    },
    "dank-qml-common": {
      "flake": false,
      "locked": {
        "lastModified": 1790075259,
        "narHash": "sha256-IKF/lGSBXM5Iqbh+dNM13qTPAXoRThwtbrerhMjk7xI=",
        "owner": "AvengeMedia",
        "repo": "dank-qml-common",
        "rev": "a88b16e8de115570f6442effa03207a1fc09bac1",
        "type": "github"
      },
      "original": {
        "owner": "AvengeMedia",
        "repo": "dank-qml-common",
        "type": "github"
      }
    },
    "dank-qml-common_2": {
      "flake": false,
      "locked": {
        "lastModified": 1790556036,
        "narHash": "sha256-E72MwG5riYkqj4mjW8BMsUnjlJqPc8HBSll+iUWxPtU=",
        "owner": "AvengeMedia",
        "repo": "dank-qml-common",
        "rev": "660b04470bb7937b970c862024bcadd7000e6a89",
        "type": "github"
      },
      "original": {
        "owner": "AvengeMedia",
        "repo": "dank-qml-common",
        "type": "github"
      }
    },
    "darkly": {
      "inputs": {
        "nixpkgs": [
          "nixpkgs"
        ]
      },
      "locked": {
        "lastModified": 1787592910,
        "narHash": "sha256-a2+yPzqXAlnErn1KGW28UBlqapBmySvLPWOskVFB/Hg=",
        "owner": "Bali10050",
        "repo": "Darkly",
        "rev": "65f6fa62675e3c30986f8fc8e4fdbba053096491",
        "type": "github"
      },
      "original": {
        "owner": "Bali10050",
        "repo": "Darkly",
        "type": "github"
      }
    },
    "darwin": {
      "inputs": {
        "nixpkgs": [
          "ragenix",
          "agenix",
          "nixpkgs"
        ]
      },
      "locked": {
        "lastModified": 1744478979,
        "narHash": "sha256-dyN+teG9G82G+m+PX/aSAagkC+vUv0SgUw3XkPhQodQ=",
        "owner": "lnl7",
        "repo": "nix-darwin",
        "rev": "43975d782b418ebf4969e9ccba82466728c2851b",
        "type": "github"
      },
      "original": {
        "owner": "lnl7",
        "ref": "master",
        "repo": "nix-darwin",
        "type": "github"
      }
    },
    "dms": {
      "inputs": {
        "dank-qml-common": "dank-qml-common_2",
        "flake-compat": "flake-compat",
        "nixpkgs": [
          "nixpkgs"
        ]
      },
      "locked": {
        "lastModified": 1790566629,
        "narHash": "sha256-TcUusGR0QrWZsqbytv24DfTzS7LQnVL8mwilZCts9Qg=",
        "owner": "AvengeMedia",
        "repo": "DankMaterialShell",
        "rev": "a609b5f999a9182e002b226f2197347b0d1bc747",
        "type": "github"
      },
      "original": {
        "owner": "AvengeMedia",
        "repo": "DankMaterialShell",
        "type": "github"
      }
    },
    "flake-compat": {
      "flake": false,
      "locked": {
        "lastModified": 1767039857,
        "narHash": "sha256-vNpUSpF5Nuw8xvDLj2KCwwksIbjua2LZCqhV1LNRDns=",
        "owner": "NixOS",
        "repo": "flake-compat",
        "rev": "5edf11c44bc78a0d334f6334cdaf7d60d732daab",
        "type": "github"
      },
      "original": {
        "owner": "NixOS",
        "repo": "flake-compat",
        "type": "github"
      }
    },
    "flake-compat_2": {
      "flake": false,
      "locked": {
        "lastModified": 1767039857,
        "narHash": "sha256-vNpUSpF5Nuw8xvDLj2KCwwksIbjua2LZCqhV1LNRDns=",
        "owner": "NixOS",
        "repo": "flake-compat",
        "rev": "5edf11c44bc78a0d334f6334cdaf7d60d732daab",
        "type": "github"
      },
      "original": {
        "owner": "NixOS",
        "repo": "flake-compat",
        "type": "github"
      }
    },
    "flake-parts": {
      "inputs": {
        "nixpkgs-lib": [
          "nixvim",
          "nixpkgs"
        ]
      },
      "locked": {
        "lastModified": 1788450739,
        "narHash": "sha256-glZLQlzIn1fXH6PazR2iUmTo7kzzyYSshrWhLS9TqCU=",
        "owner": "hercules-ci",
        "repo": "flake-parts",
        "rev": "31729ca8cbdb4fa927b34e5f4353e6a83f39e993",
        "type": "github"
      },
      "original": {
        "owner": "hercules-ci",
        "repo": "flake-parts",
        "type": "github"
      }
    },
    "flake-utils": {
      "inputs": {
        "systems": "systems_5"
      },
      "locked": {
        "lastModified": 1731533236,
        "narHash": "sha256-l0KFg5HjrsfsO/JpG+r7fRrqm12kzFHyUHqHCVpMMbI=",
        "owner": "numtide",
        "repo": "flake-utils",
        "rev": "11707dc2f618dd54ca8739b309ec4fc024de578b",
        "type": "github"
      },
      "original": {
        "owner": "numtide",
        "repo": "flake-utils",
        "type": "github"
      }
    },
    "home-manager": {
      "inputs": {
        "nixpkgs": [
          "nixpkgs"
        ]
      },
      "locked": {
        "lastModified": 1790365885,
        "narHash": "sha256-iQ0ebhiVo64NktTnwft9hNxlFu4j5cvljVxyJaEVIP4=",
        "owner": "nix-community",
        "repo": "home-manager",
        "rev": "7b4c5ec4bedaf1e062bbc1bcaeddbc6bd242aa1b",
        "type": "github"
      },
      "original": {
        "owner": "nix-community",
        "repo": "home-manager",
        "type": "github"
      }
    },
    "home-manager_2": {
      "inputs": {
        "nixpkgs": [
          "ragenix",
          "agenix",
          "nixpkgs"
        ]
      },
      "locked": {
        "lastModified": 1745494811,
        "narHash": "sha256-YZCh2o9Ua1n9uCvrvi5pRxtuVNml8X2a03qIFfRKpFs=",
        "owner": "nix-community",
        "repo": "home-manager",
        "rev": "abfad3d2958c9e6300a883bd443512c55dfeb1be",
        "type": "github"
      },
      "original": {
        "owner": "nix-community",
        "repo": "home-manager",
        "type": "github"
      }
    },
    "home-manager_3": {
      "inputs": {
        "nixpkgs": [
          "zen-browser",
          "nixpkgs"
        ]
      },
      "locked": {
        "lastModified": 1789430117,
        "narHash": "sha256-t+U1mijItLJ64xZOifpfQ17kpAL73nU7pDI48ScacVc=",
        "owner": "nix-community",
        "repo": "home-manager",
        "rev": "cda90fd8838825c689fde9d3f3b4e937937790df",
        "type": "github"
      },
      "original": {
        "owner": "nix-community",
        "repo": "home-manager",
        "type": "github"
      }
    },
    "hyprcursor": {
      "inputs": {
        "hyprlang": [
          "hyprland",
          "hyprlang"
        ],
        "nixpkgs": [
          "hyprland",
          "nixpkgs"
        ],
        "systems": [
          "hyprland",
          "systems"
        ]
      },
      "locked": {
        "lastModified": 1786464181,
        "narHash": "sha256-2alOMkLjXANh7unkZnYnCF2K2rApZaOLMoQ3o+VX2CY=",
        "owner": "hyprwm",
        "repo": "hyprcursor",
        "rev": "e4ed7c08123df5af460a0a70961380cbfb872f76",
        "type": "github"
      },
      "original": {
        "owner": "hyprwm",
        "repo": "hyprcursor",
        "type": "github"
      }
    },
    "hyprgraphics": {
      "inputs": {
        "hyprutils": [
          "hyprland",
          "hyprutils"
        ],
        "nixpkgs": [
          "hyprland",
          "nixpkgs"
        ],
        "systems": [
          "hyprland",
          "systems"
        ]
      },
      "locked": {
        "lastModified": 1786464367,
        "narHash": "sha256-k58p4wbzIXWyRWrW84pP8tD+iaZSSYiiM+fr0Auk4oU=",
        "owner": "hyprwm",
        "repo": "hyprgraphics",
        "rev": "7c895c44e3ca6d28ed68ddd80ec02b02b925e7fc",
        "type": "github"
      },
      "original": {
        "owner": "hyprwm",
        "repo": "hyprgraphics",
        "type": "github"
      }
    },
    "hyprland": {
      "inputs": {
        "aquamarine": "aquamarine",
        "hyprcursor": "hyprcursor",
        "hyprgraphics": "hyprgraphics",
        "hyprland-guiutils": "hyprland-guiutils",
        "hyprland-protocols": "hyprland-protocols",
        "hyprlang": "hyprlang",
        "hyprutils": "hyprutils",
        "hyprwayland-scanner": "hyprwayland-scanner",
        "hyprwire": "hyprwire",
        "nixpkgs": "nixpkgs",
        "pre-commit-hooks": "pre-commit-hooks",
        "systems": "systems_2",
        "xdph": "xdph"
      },
      "locked": {
        "lastModified": 1790542952,
        "narHash": "sha256-8YsbPw1Bxzy9DmOlFosi+WofkVl9io8I9OVs6qQfUTA=",
        "owner": "hyprwm",
        "repo": "Hyprland",
        "rev": "4bb6844b0351e4fbf2e3d4e46ae71b551a0e0a42",
        "type": "github"
      },
      "original": {
        "owner": "hyprwm",
        "repo": "Hyprland",
        "type": "github"
      }
    },
    "hyprland-guiutils": {
      "inputs": {
        "aquamarine": [
          "hyprland",
          "aquamarine"
        ],
        "hyprgraphics": [
          "hyprland",
          "hyprgraphics"
        ],
        "hyprlang": [
          "hyprland",
          "hyprlang"
        ],
        "hyprtoolkit": "hyprtoolkit",
        "hyprutils": [
          "hyprland",
          "hyprutils"
        ],
        "hyprwayland-scanner": [
          "hyprland",
          "hyprwayland-scanner"
        ],
        "nixpkgs": [
          "hyprland",
          "nixpkgs"
        ],
        "systems": [
          "hyprland",
          "systems"
        ]
      },
      "locked": {
        "lastModified": 1786464504,
        "narHash": "sha256-7sHwM86KILQyHDHDuE2SDBlQ2jvZ0EW3hY7sW009/cg=",
        "owner": "hyprwm",
        "repo": "hyprland-guiutils",
        "rev": "4c30cf3097ea963c0e250749ee0c59f8b08816d6",
        "type": "github"
      },
      "original": {
        "owner": "hyprwm",
        "repo": "hyprland-guiutils",
        "type": "github"
      }
    },
    "hyprland-protocols": {
      "inputs": {
        "nixpkgs": [
          "hyprland",
          "nixpkgs"
        ],
        "systems": [
          "hyprland",
          "systems"
        ]
      },
      "locked": {
        "lastModified": 1789475883,
        "narHash": "sha256-YRFLrPESYitsDYqQKquOFg8OWNI7tHKwPnTrTZWXxWY=",
        "owner": "hyprwm",
        "repo": "hyprland-protocols",
        "rev": "cc9a8fd253bdc00f48a967ecf4828211ef08751f",
        "type": "github"
      },
      "original": {
        "owner": "hyprwm",
        "repo": "hyprland-protocols",
        "type": "github"
      }
    },
    "hyprland-scroll-overview": {
      "flake": false,
      "locked": {
        "lastModified": 1789346277,
        "narHash": "sha256-2TzMdMGobmWPTeRS4Z305/cjlvHPsyN+rLEF86NsZQg=",
        "owner": "yayuuu",
        "repo": "hyprland-scroll-overview",
        "rev": "f08c5f7de06c1165952cc1c5318cf6f5c87140ff",
        "type": "github"
      },
      "original": {
        "owner": "yayuuu",
        "ref": "new-release",
        "repo": "hyprland-scroll-overview",
        "type": "github"
      }
    },
    "hyprlang": {
      "inputs": {
        "hyprutils": [
          "hyprland",
          "hyprutils"
        ],
        "nixpkgs": [
          "hyprland",
          "nixpkgs"
        ],
        "systems": [
          "hyprland",
          "systems"
        ]
      },
      "locked": {
        "lastModified": 1786464129,
        "narHash": "sha256-339AkTlpMYSIvFuG0rnR+8Yg4/AZKeJalshJavlnKfg=",
        "owner": "hyprwm",
        "repo": "hyprlang",
        "rev": "9508458be316a0d70d37ebed1ab725ccd10411ff",
        "type": "github"
      },
      "original": {
        "owner": "hyprwm",
        "repo": "hyprlang",
        "type": "github"
      }
    },
    "hyprtoolkit": {
      "inputs": {
        "aquamarine": [
          "hyprland",
          "hyprland-guiutils",
          "aquamarine"
        ],
        "hyprgraphics": [
          "hyprland",
          "hyprland-guiutils",
          "hyprgraphics"
        ],
        "hyprlang": [
          "hyprland",
          "hyprland-guiutils",
          "hyprlang"
        ],
        "hyprutils": [
          "hyprland",
          "hyprland-guiutils",
          "hyprutils"
        ],
        "hyprwayland-scanner": [
          "hyprland",
          "hyprland-guiutils",
          "hyprwayland-scanner"
        ],
        "nixpkgs": [
          "hyprland",
          "hyprland-guiutils",
          "nixpkgs"
        ],
        "systems": [
          "hyprland",
          "hyprland-guiutils",
          "systems"
        ]
      },
      "locked": {
        "lastModified": 1785930473,
        "narHash": "sha256-DitTu625BhEYpZjtjxtGpjrEJwPwW+X/+jJvhSZNSJM=",
        "owner": "hyprwm",
        "repo": "hyprtoolkit",
        "rev": "af515b69dfbe366dc7873aa1475cb2f4db3ebad7",
        "type": "github"
      },
      "original": {
        "owner": "hyprwm",
        "repo": "hyprtoolkit",
        "type": "github"
      }
    },
    "hyprutils": {
      "inputs": {
        "nixpkgs": [
          "hyprland",
          "nixpkgs"
        ],
        "systems": [
          "hyprland",
          "systems"
        ]
      },
      "locked": {
        "lastModified": 1788619883,
        "narHash": "sha256-dpmeFq5vPvSOsi30ZchOLjltAZEuVBucDvGKs3IZYf4=",
        "owner": "hyprwm",
        "repo": "hyprutils",
        "rev": "a21e87b878e72ee5dfd375899e8b2ad0d0c4c0e1",
        "type": "github"
      },
      "original": {
        "owner": "hyprwm",
        "repo": "hyprutils",
        "type": "github"
      }
    },
    "hyprwayland-scanner": {
      "inputs": {
        "nixpkgs": [
          "hyprland",
          "nixpkgs"
        ],
        "systems": [
          "hyprland",
          "systems"
        ]
      },
      "locked": {
        "lastModified": 1786464033,
        "narHash": "sha256-QM8Qe4/L8lpdVN4bgwahmi+jyyc4fisseDMe4afcDxA=",
        "owner": "hyprwm",
        "repo": "hyprwayland-scanner",
        "rev": "62e62c1ca23da17612c6890d4ad2064f575643db",
        "type": "github"
      },
      "original": {
        "owner": "hyprwm",
        "repo": "hyprwayland-scanner",
        "type": "github"
      }
    },
    "hyprwire": {
      "inputs": {
        "hyprutils": [
          "hyprland",
          "hyprutils"
        ],
        "nixpkgs": [
          "hyprland",
          "nixpkgs"
        ],
        "systems": [
          "hyprland",
          "systems"
        ]
      },
      "locked": {
        "lastModified": 1786464294,
        "narHash": "sha256-ZQsZ2WvBdkboCIyh8LStDPdAIARmxzn0XMNxxoOhjPE=",
        "owner": "hyprwm",
        "repo": "hyprwire",
        "rev": "4ce7cd6b6128c1ac41caf23c58a30a26b327f9dd",
        "type": "github"
      },
      "original": {
        "owner": "hyprwm",
        "repo": "hyprwire",
        "type": "github"
      }
    },
    "nixpkgs": {
      "locked": {
        "lastModified": 1789684949,
        "narHash": "sha256-ZKhUe/2IJUq1JhKxKMu8rbkgSGmPP2ZCqlIPn40aGCM=",
        "owner": "NixOS",
        "repo": "nixpkgs",
        "rev": "e554fab72f81915600f3f449b786fd9af40439a5",
        "type": "github"
      },
      "original": {
        "owner": "NixOS",
        "ref": "nixos-unstable",
        "repo": "nixpkgs",
        "type": "github"
      }
    },
    "nixpkgs_2": {
      "locked": {
        "lastModified": 1790463110,
        "narHash": "sha256-hKlVl12B1dF0Q5vd9dY3lIJM5mFGWYSlXwSLAqHZ1+s=",
        "owner": "NixOS",
        "repo": "nixpkgs",
        "rev": "e158d9ed9b51c98974c5e66e1ba1c9e0255fecaa",
        "type": "github"
      },
      "original": {
        "owner": "NixOS",
        "ref": "nixos-unstable",
        "repo": "nixpkgs",
        "type": "github"
      }
    },
    "nixpkgs_3": {
      "locked": {
        "lastModified": 1789724158,
        "narHash": "sha256-nlKgrm0dsVhOSopKheVBCcOpiIticufPPVLdVOI0euA=",
        "owner": "NixOS",
        "repo": "nixpkgs",
        "rev": "0a3468a402c449992505b6a9fc5b06580141b750",
        "type": "github"
      },
      "original": {
        "owner": "NixOS",
        "ref": "nixpkgs-unstable",
        "repo": "nixpkgs",
        "type": "github"
      }
    },
    "nixvim": {
      "inputs": {
        "flake-parts": "flake-parts",
        "nixpkgs": "nixpkgs_3",
        "systems": "systems_3"
      },
      "locked": {
        "lastModified": 1790541651,
        "narHash": "sha256-/496IQz8qNWHHLnc3Zvr0l4uxJ34igNhJhn7ZKAefFk=",
        "owner": "nix-community",
        "repo": "nixvim",
        "rev": "5980a626794486abad69fca7667f9c11dfbc3bd7",
        "type": "github"
      },
      "original": {
        "owner": "nix-community",
        "repo": "nixvim",
        "type": "github"
      }
    },
    "pre-commit-hooks": {
      "inputs": {
        "flake-compat": "flake-compat_2",
        "nixpkgs": [
          "hyprland",
          "nixpkgs"
        ]
      },
      "locked": {
        "lastModified": 1789514889,
        "narHash": "sha256-PFD1nxptCXJyJoiYO1gf/5Vv43yqGpHtMC6LUhl9/pQ=",
        "owner": "cachix",
        "repo": "git-hooks.nix",
        "rev": "59f4ca0d063a1a3ec722c88b51a33004862e5379",
        "type": "github"
      },
      "original": {
        "owner": "cachix",
        "repo": "git-hooks.nix",
        "type": "github"
      }
    },
    "qtengine": {
      "inputs": {
        "nixpkgs": [
          "nixpkgs"
        ]
      },
      "locked": {
        "lastModified": 1790355032,
        "narHash": "sha256-9nhKFJ9AUxIS7wZ3be7Vxy36Q+4lgihB/RLooJ41niE=",
        "owner": "kossLAN",
        "repo": "qtengine",
        "rev": "167e7d9a27cdc8005ef2bd4d5d317b9da01b853f",
        "type": "github"
      },
      "original": {
        "owner": "kossLAN",
        "repo": "qtengine",
        "type": "github"
      }
    },
    "ragenix": {
      "inputs": {
        "agenix": "agenix",
        "crane": "crane",
        "flake-utils": "flake-utils",
        "nixpkgs": [
          "nixpkgs"
        ],
        "rust-overlay": "rust-overlay"
      },
      "locked": {
        "lastModified": 1761832913,
        "narHash": "sha256-VCNVjjuRvrKPiYYwqhE3BAKIaReiKXGpxGp27lZ0MFM=",
        "owner": "yaxitech",
        "repo": "ragenix",
        "rev": "83bccfdea758241999f32869fb6b36f7ac72f1ac",
        "type": "github"
      },
      "original": {
        "owner": "yaxitech",
        "repo": "ragenix",
        "type": "github"
      }
    },
    "root": {
      "inputs": {
        "blueprint": "blueprint",
        "dank-greeter": "dank-greeter",
        "darkly": "darkly",
        "dms": "dms",
        "home-manager": "home-manager",
        "hyprland": "hyprland",
        "hyprland-scroll-overview": "hyprland-scroll-overview",
        "nixpkgs": "nixpkgs_2",
        "nixvim": "nixvim",
        "qtengine": "qtengine",
        "ragenix": "ragenix",
        "zen-browser": "zen-browser"
      }
    },
    "rust-overlay": {
      "inputs": {
        "nixpkgs": [
          "ragenix",
          "nixpkgs"
        ]
      },
      "locked": {
        "lastModified": 1761791894,
        "narHash": "sha256-myRIDh+PxaREz+z9LzbqBJF+SnTFJwkthKDX9zMyddY=",
        "owner": "oxalica",
        "repo": "rust-overlay",
        "rev": "59c45eb69d9222a4362673141e00ff77842cd219",
        "type": "github"
      },
      "original": {
        "owner": "oxalica",
        "repo": "rust-overlay",
        "type": "github"
      }
    },
    "systems": {
      "locked": {
        "lastModified": 1681028828,
        "narHash": "sha256-Vy1rq5AaRuLzOxct8nz4T6wlgyUR7zLU309k9mBC768=",
        "owner": "nix-systems",
        "repo": "default",
        "rev": "da67096a3b9bf56a91d16901293e51ba5b49a27e",
        "type": "github"
      },
      "original": {
        "owner": "nix-systems",
        "repo": "default",
        "type": "github"
      }
    },
    "systems_2": {
      "locked": {
        "lastModified": 1689347949,
        "narHash": "sha256-12tWmuL2zgBgZkdoB6qXZsgJEH9LR3oUgpaQq2RbI80=",
        "owner": "nix-systems",
        "repo": "default-linux",
        "rev": "31732fcf5e8fea42e59c2488ad31a0e651500f68",
        "type": "github"
      },
      "original": {
        "owner": "nix-systems",
        "repo": "default-linux",
        "type": "github"
      }
    },
    "systems_3": {
      "flake": false,
      "locked": {
        "lastModified": 1774449309,
        "narHash": "sha256-brhZ8DmuGtzkCYHJg4HEd602amKm89Y9ytsFZ5uWD1w=",
        "owner": "nix-systems",
        "repo": "default",
        "rev": "c29398b59d2048c4ab79345812849c9bd15e9150",
        "type": "github"
      },
      "original": {
        "owner": "nix-systems",
        "ref": "future-26.11",
        "repo": "default",
        "type": "github"
      }
    },
    "systems_4": {
      "locked": {
        "lastModified": 1681028828,
        "narHash": "sha256-Vy1rq5AaRuLzOxct8nz4T6wlgyUR7zLU309k9mBC768=",
        "owner": "nix-systems",
        "repo": "default",
        "rev": "da67096a3b9bf56a91d16901293e51ba5b49a27e",
        "type": "github"
      },
      "original": {
        "owner": "nix-systems",
        "repo": "default",
        "type": "github"
      }
    },
    "systems_5": {
      "locked": {
        "lastModified": 1681028828,
        "narHash": "sha256-Vy1rq5AaRuLzOxct8nz4T6wlgyUR7zLU309k9mBC768=",
        "owner": "nix-systems",
        "repo": "default",
        "rev": "da67096a3b9bf56a91d16901293e51ba5b49a27e",
        "type": "github"
      },
      "original": {
        "owner": "nix-systems",
        "repo": "default",
        "type": "github"
      }
    },
    "xdph": {
      "inputs": {
        "hyprland-protocols": [
          "hyprland",
          "hyprland-protocols"
        ],
        "hyprlang": [
          "hyprland",
          "hyprlang"
        ],
        "hyprutils": [
          "hyprland",
          "hyprutils"
        ],
        "hyprwayland-scanner": [
          "hyprland",
          "hyprwayland-scanner"
        ],
        "nixpkgs": [
          "hyprland",
          "nixpkgs"
        ],
        "systems": [
          "hyprland",
          "systems"
        ]
      },
      "locked": {
        "lastModified": 1788025068,
        "narHash": "sha256-TBqronrrc/F2Ry/E37d/1TLldDLJDFNSwvJjgk+cXzU=",
        "owner": "hyprwm",
        "repo": "xdg-desktop-portal-hyprland",
        "rev": "ba31964ee42b56bcb0d3b78a64ead5d8a1c3c6f6",
        "type": "github"
      },
      "original": {
        "owner": "hyprwm",
        "repo": "xdg-desktop-portal-hyprland",
        "type": "github"
      }
    },
    "zen-browser": {
      "inputs": {
        "home-manager": "home-manager_3",
        "nixpkgs": [
          "nixpkgs"
        ]
      },
      "locked": {
        "lastModified": 1790568199,
        "narHash": "sha256-h3AHjsOZr9iBEkNfK+Zh7/DoN5iMRpJd/6h/5NxCz9I=",
        "owner": "0xc000022070",
        "repo": "zen-browser-flake",
        "rev": "e50ed94ebf28bae95397e482dbb1c020f50c20c1",
        "type": "github"
      },
      "original": {
        "owner": "0xc000022070",
        "repo": "zen-browser-flake",
        "type": "github"
      }
    }
  },
  "root": "root",
  "version": 7
}
